{
  "name": "@warriors-life/memory-allocator",
  "version": "0.0.1",
  "lockfileVersion": 3,
  "requires": true,
  "packages": {
    "": {
      "name": "@warriors-life/memory-allocator",
      "version": "0.0.1",
      "license": "SEE LICENSE IN ../LICENSE",
      "engines": {
        "node": "^14.15.0 || ^16.10.0 || >=18.0.0"
      }
    }
  }
}
